{
  "nodes": {
    "nixpkgs": {
      "locked": {
        "lastModified": 1732824710,
        "narHash": "sha256-g8I12uHMo8hC3Ish1i3+1zVLAk9GMXnUN5MEUj0Sl2s=",
        "owner": "NixOS",
        "repo": "nixpkgs",
        "rev": "12cadcb077d309327aceda215eddbe8b62c864e8",
        "type": "github"
      },
      "original": {
        "owner": "NixOS",
        "repo": "nixpkgs",
        "type": "github"
      }
    },
    "root": {
      "inputs": {
        "nixpkgs": "nixpkgs"
      }
    }
  },
  "root": "root",
  "version": 7
}
